<?xml version="1.0" encoding="utf-8"?>
<Project ToolsVersion="4.0" xmlns="http://schemas.microsoft.com/developer/msbuild/2003">
  <ItemGroup>
    <Filter Include="Resource Files">
      <UniqueIdentifier>{cccfd72b-1acd-4e84-83c3-659af367f4c5}</UniqueIdentifier>
    </Filter>
    <Filter Include="Version Files">
      <UniqueIdentifier>{101f9993-c5d9-4824-9a6b-b6576196ae30}</UniqueIdentifier>
    </Filter>
  </ItemGroup>
  <ItemGroup>
    <ClCompile Include="stdafx.cpp" />
    <ClCompile Include="entrypoint.cpp" />
    <ClCompile Include="CaptionBar.cpp" />
  </ItemGroup>
  <ItemGroup>
    <None Include="Resource\MFCCaptionBar.txt">
      <Filter>Resource Files</Filter>
    </None>
    <None Include="Resource\MFCCaptionBarVersion.rc2">
      <Filter>Resource Files</Filter>
    </None>
  </ItemGroup>
  <ItemGroup>
    <ClInclude Include="stdafx.h" />
    <ClInclude Include="targetver.h" />
    <ClInclude Include="Resource\resource.h">
      <Filter>Resource Files</Filter>
    </ClInclude>
    <ClInclude Include="CaptionBar.h" />
    <ClInclude Include="framework.h" />
    <ClInclude Include="Version\Version.h">
      <Filter>Version Files</Filter>
    </ClInclude>
  </ItemGroup>
  <ItemGroup>
    <ResourceCompile Include="Resource\MFCCaptionBar.rc">
      <Filter>Resource Files</Filter>
    </ResourceCompile>
  </ItemGroup>
</Project>