
Microsoft Visual Studio Solution File, Format Version 12.00
# Visual Studio Version 16
VisualStudioVersion = 16.0.28729.10
MinimumVisualStudioVersion = 10.0.40219.1
Project("{2150E333-8FDC-42A3-9474-1A3956D46DE8}") = "Solution Items", "Solution Items", "{ECF9730E-606D-4EB8-8498-EFA73105DC16}"
	ProjectSection(SolutionItems) = preProject
		..\.editorconfig = ..\.editorconfig
	EndProjectSection
EndProject
Project("{9A19103F-16F7-4668-BE54-9A1E7A4F7556}") = "DataServer", "Servers\DataServer\DataServer.csproj", "{1D5FF3ED-123D-41FC-A6ED-C2C763A71168}"
EndProject
Project("{9A19103F-16F7-4668-BE54-9A1E7A4F7556}") = "TestDataServerProvider", "Servers\TestDataServerProvider\TestDataServerProvider.csproj", "{34BEF956-77AB-4AB6-87EC-2A72798941DE}"
EndProject
Project("{2150E333-8FDC-42A3-9474-1A3956D46DE8}") = "Shared", "Shared", "{48495ED2-D045-410F-8D11-221E961C506C}"
EndProject
Project("{9A19103F-16F7-4668-BE54-9A1E7A4F7556}") = "DataServiceInterface", "Shared\DataServerInterface\DataServiceInterface.csproj", "{DA859D73-3D82-4EE1-BC66-1D47D16E5AC4}"
EndProject
Project("{9A19103F-16F7-4668-BE54-9A1E7A4F7556}") = "FusionLink", "Servers\FusionLink\FusionLink.csproj", "{17BF2445-0643-4CDF-B678-7F3472910D9B}"
EndProject
Project("{9A19103F-16F7-4668-BE54-9A1E7A4F7556}") = "DataServer.Wpf", "Servers\DataServer.Wpf\DataServer.Wpf.csproj", "{4EA8C78B-118D-4FD4-A745-2EBED8F68062}"
EndProject
Global
	GlobalSection(SolutionConfigurationPlatforms) = preSolution
		Debug_713|Any CPU = Debug_713|Any CPU
		Debug_713|x64 = Debug_713|x64
		Debug_713|x86 = Debug_713|x86
		Debug_72|Any CPU = Debug_72|Any CPU
		Debug_72|x64 = Debug_72|x64
		Debug_72|x86 = Debug_72|x86
		Debug|Any CPU = Debug|Any CPU
		Debug|x64 = Debug|x64
		Debug|x86 = Debug|x86
		Develop_713|Any CPU = Develop_713|Any CPU
		Develop_713|x64 = Develop_713|x64
		Develop_713|x86 = Develop_713|x86
		Develop_72|Any CPU = Develop_72|Any CPU
		Develop_72|x64 = Develop_72|x64
		Develop_72|x86 = Develop_72|x86
		Release_713|Any CPU = Release_713|Any CPU
		Release_713|x64 = Release_713|x64
		Release_713|x86 = Release_713|x86
		Release_72|Any CPU = Release_72|Any CPU
		Release_72|x64 = Release_72|x64
		Release_72|x86 = Release_72|x86
		Release|Any CPU = Release|Any CPU
		Release|x64 = Release|x64
		Release|x86 = Release|x86
	EndGlobalSection
	GlobalSection(ProjectConfigurationPlatforms) = postSolution
		{1D5FF3ED-123D-41FC-A6ED-C2C763A71168}.Debug_713|Any CPU.ActiveCfg = Debug|Any CPU
		{1D5FF3ED-123D-41FC-A6ED-C2C763A71168}.Debug_713|Any CPU.Build.0 = Debug|Any CPU
		{1D5FF3ED-123D-41FC-A6ED-C2C763A71168}.Debug_713|x64.ActiveCfg = Debug|Any CPU
		{1D5FF3ED-123D-41FC-A6ED-C2C763A71168}.Debug_713|x64.Build.0 = Debug|Any CPU
		{1D5FF3ED-123D-41FC-A6ED-C2C763A71168}.Debug_713|x86.ActiveCfg = Debug|Any CPU
		{1D5FF3ED-123D-41FC-A6ED-C2C763A71168}.Debug_713|x86.Build.0 = Debug|Any CPU
		{1D5FF3ED-123D-41FC-A6ED-C2C763A71168}.Debug_72|Any CPU.ActiveCfg = Debug|Any CPU
		{1D5FF3ED-123D-41FC-A6ED-C2C763A71168}.Debug_72|Any CPU.Build.0 = Debug|Any CPU
		{1D5FF3ED-123D-41FC-A6ED-C2C763A71168}.Debug_72|x64.ActiveCfg = Debug|Any CPU
		{1D5FF3ED-123D-41FC-A6ED-C2C763A71168}.Debug_72|x64.Build.0 = Debug|Any CPU
		{1D5FF3ED-123D-41FC-A6ED-C2C763A71168}.Debug_72|x86.ActiveCfg = Debug|Any CPU
		{1D5FF3ED-123D-41FC-A6ED-C2C763A71168}.Debug_72|x86.Build.0 = Debug|Any CPU
		{1D5FF3ED-123D-41FC-A6ED-C2C763A71168}.Debug|Any CPU.ActiveCfg = Debug|Any CPU
		{1D5FF3ED-123D-41FC-A6ED-C2C763A71168}.Debug|Any CPU.Build.0 = Debug|Any CPU
		{1D5FF3ED-123D-41FC-A6ED-C2C763A71168}.Debug|x64.ActiveCfg = Debug|x64
		{1D5FF3ED-123D-41FC-A6ED-C2C763A71168}.Debug|x64.Build.0 = Debug|x64
		{1D5FF3ED-123D-41FC-A6ED-C2C763A71168}.Debug|x86.ActiveCfg = Debug|Any CPU
		{1D5FF3ED-123D-41FC-A6ED-C2C763A71168}.Debug|x86.Build.0 = Debug|Any CPU
		{1D5FF3ED-123D-41FC-A6ED-C2C763A71168}.Develop_713|Any CPU.ActiveCfg = Debug|Any CPU
		{1D5FF3ED-123D-41FC-A6ED-C2C763A71168}.Develop_713|Any CPU.Build.0 = Debug|Any CPU
		{1D5FF3ED-123D-41FC-A6ED-C2C763A71168}.Develop_713|x64.ActiveCfg = Debug|Any CPU
		{1D5FF3ED-123D-41FC-A6ED-C2C763A71168}.Develop_713|x64.Build.0 = Debug|Any CPU
		{1D5FF3ED-123D-41FC-A6ED-C2C763A71168}.Develop_713|x86.ActiveCfg = Debug|Any CPU
		{1D5FF3ED-123D-41FC-A6ED-C2C763A71168}.Develop_713|x86.Build.0 = Debug|Any CPU
		{1D5FF3ED-123D-41FC-A6ED-C2C763A71168}.Develop_72|Any CPU.ActiveCfg = Debug|Any CPU
		{1D5FF3ED-123D-41FC-A6ED-C2C763A71168}.Develop_72|Any CPU.Build.0 = Debug|Any CPU
		{1D5FF3ED-123D-41FC-A6ED-C2C763A71168}.Develop_72|x64.ActiveCfg = Debug|Any CPU
		{1D5FF3ED-123D-41FC-A6ED-C2C763A71168}.Develop_72|x64.Build.0 = Debug|Any CPU
		{1D5FF3ED-123D-41FC-A6ED-C2C763A71168}.Develop_72|x86.ActiveCfg = Debug|Any CPU
		{1D5FF3ED-123D-41FC-A6ED-C2C763A71168}.Develop_72|x86.Build.0 = Debug|Any CPU
		{1D5FF3ED-123D-41FC-A6ED-C2C763A71168}.Release_713|Any CPU.ActiveCfg = Release|Any CPU
		{1D5FF3ED-123D-41FC-A6ED-C2C763A71168}.Release_713|Any CPU.Build.0 = Release|Any CPU
		{1D5FF3ED-123D-41FC-A6ED-C2C763A71168}.Release_713|x64.ActiveCfg = Release|Any CPU
		{1D5FF3ED-123D-41FC-A6ED-C2C763A71168}.Release_713|x64.Build.0 = Release|Any CPU
		{1D5FF3ED-123D-41FC-A6ED-C2C763A71168}.Release_713|x86.ActiveCfg = Release|Any CPU
		{1D5FF3ED-123D-41FC-A6ED-C2C763A71168}.Release_713|x86.Build.0 = Release|Any CPU
		{1D5FF3ED-123D-41FC-A6ED-C2C763A71168}.Release_72|Any CPU.ActiveCfg = Release|Any CPU
		{1D5FF3ED-123D-41FC-A6ED-C2C763A71168}.Release_72|Any CPU.Build.0 = Release|Any CPU
		{1D5FF3ED-123D-41FC-A6ED-C2C763A71168}.Release_72|x64.ActiveCfg = Release|Any CPU
		{1D5FF3ED-123D-41FC-A6ED-C2C763A71168}.Release_72|x64.Build.0 = Release|Any CPU
		{1D5FF3ED-123D-41FC-A6ED-C2C763A71168}.Release_72|x86.ActiveCfg = Release|Any CPU
		{1D5FF3ED-123D-41FC-A6ED-C2C763A71168}.Release_72|x86.Build.0 = Release|Any CPU
		{1D5FF3ED-123D-41FC-A6ED-C2C763A71168}.Release|Any CPU.ActiveCfg = Release|Any CPU
		{1D5FF3ED-123D-41FC-A6ED-C2C763A71168}.Release|Any CPU.Build.0 = Release|Any CPU
		{1D5FF3ED-123D-41FC-A6ED-C2C763A71168}.Release|x64.ActiveCfg = Release|x64
		{1D5FF3ED-123D-41FC-A6ED-C2C763A71168}.Release|x64.Build.0 = Release|x64
		{1D5FF3ED-123D-41FC-A6ED-C2C763A71168}.Release|x86.ActiveCfg = Release|Any CPU
		{1D5FF3ED-123D-41FC-A6ED-C2C763A71168}.Release|x86.Build.0 = Release|Any CPU
		{34BEF956-77AB-4AB6-87EC-2A72798941DE}.Debug_713|Any CPU.ActiveCfg = Debug|Any CPU
		{34BEF956-77AB-4AB6-87EC-2A72798941DE}.Debug_713|Any CPU.Build.0 = Debug|Any CPU
		{34BEF956-77AB-4AB6-87EC-2A72798941DE}.Debug_713|x64.ActiveCfg = Debug|Any CPU
		{34BEF956-77AB-4AB6-87EC-2A72798941DE}.Debug_713|x64.Build.0 = Debug|Any CPU
		{34BEF956-77AB-4AB6-87EC-2A72798941DE}.Debug_713|x86.ActiveCfg = Debug|Any CPU
		{34BEF956-77AB-4AB6-87EC-2A72798941DE}.Debug_713|x86.Build.0 = Debug|Any CPU
		{34BEF956-77AB-4AB6-87EC-2A72798941DE}.Debug_72|Any CPU.ActiveCfg = Debug|Any CPU
		{34BEF956-77AB-4AB6-87EC-2A72798941DE}.Debug_72|Any CPU.Build.0 = Debug|Any CPU
		{34BEF956-77AB-4AB6-87EC-2A72798941DE}.Debug_72|x64.ActiveCfg = Debug|Any CPU
		{34BEF956-77AB-4AB6-87EC-2A72798941DE}.Debug_72|x64.Build.0 = Debug|Any CPU
		{34BEF956-77AB-4AB6-87EC-2A72798941DE}.Debug_72|x86.ActiveCfg = Debug|Any CPU
		{34BEF956-77AB-4AB6-87EC-2A72798941DE}.Debug_72|x86.Build.0 = Debug|Any CPU
		{34BEF956-77AB-4AB6-87EC-2A72798941DE}.Debug|Any CPU.ActiveCfg = Debug|Any CPU
		{34BEF956-77AB-4AB6-87EC-2A72798941DE}.Debug|Any CPU.Build.0 = Debug|Any CPU
		{34BEF956-77AB-4AB6-87EC-2A72798941DE}.Debug|x64.ActiveCfg = Debug|Any CPU
		{34BEF956-77AB-4AB6-87EC-2A72798941DE}.Debug|x64.Build.0 = Debug|Any CPU
		{34BEF956-77AB-4AB6-87EC-2A72798941DE}.Debug|x86.ActiveCfg = Debug|Any CPU
		{34BEF956-77AB-4AB6-87EC-2A72798941DE}.Debug|x86.Build.0 = Debug|Any CPU
		{34BEF956-77AB-4AB6-87EC-2A72798941DE}.Develop_713|Any CPU.ActiveCfg = Debug|Any CPU
		{34BEF956-77AB-4AB6-87EC-2A72798941DE}.Develop_713|Any CPU.Build.0 = Debug|Any CPU
		{34BEF956-77AB-4AB6-87EC-2A72798941DE}.Develop_713|x64.ActiveCfg = Debug|Any CPU
		{34BEF956-77AB-4AB6-87EC-2A72798941DE}.Develop_713|x64.Build.0 = Debug|Any CPU
		{34BEF956-77AB-4AB6-87EC-2A72798941DE}.Develop_713|x86.ActiveCfg = Debug|Any CPU
		{34BEF956-77AB-4AB6-87EC-2A72798941DE}.Develop_713|x86.Build.0 = Debug|Any CPU
		{34BEF956-77AB-4AB6-87EC-2A72798941DE}.Develop_72|Any CPU.ActiveCfg = Debug|Any CPU
		{34BEF956-77AB-4AB6-87EC-2A72798941DE}.Develop_72|Any CPU.Build.0 = Debug|Any CPU
		{34BEF956-77AB-4AB6-87EC-2A72798941DE}.Develop_72|x64.ActiveCfg = Debug|Any CPU
		{34BEF956-77AB-4AB6-87EC-2A72798941DE}.Develop_72|x64.Build.0 = Debug|Any CPU
		{34BEF956-77AB-4AB6-87EC-2A72798941DE}.Develop_72|x86.ActiveCfg = Debug|Any CPU
		{34BEF956-77AB-4AB6-87EC-2A72798941DE}.Develop_72|x86.Build.0 = Debug|Any CPU
		{34BEF956-77AB-4AB6-87EC-2A72798941DE}.Release_713|Any CPU.ActiveCfg = Release|Any CPU
		{34BEF956-77AB-4AB6-87EC-2A72798941DE}.Release_713|Any CPU.Build.0 = Release|Any CPU
		{34BEF956-77AB-4AB6-87EC-2A72798941DE}.Release_713|x64.ActiveCfg = Release|Any CPU
		{34BEF956-77AB-4AB6-87EC-2A72798941DE}.Release_713|x64.Build.0 = Release|Any CPU
		{34BEF956-77AB-4AB6-87EC-2A72798941DE}.Release_713|x86.ActiveCfg = Release|Any CPU
		{34BEF956-77AB-4AB6-87EC-2A72798941DE}.Release_713|x86.Build.0 = Release|Any CPU
		{34BEF956-77AB-4AB6-87EC-2A72798941DE}.Release_72|Any CPU.ActiveCfg = Release|Any CPU
		{34BEF956-77AB-4AB6-87EC-2A72798941DE}.Release_72|Any CPU.Build.0 = Release|Any CPU
		{34BEF956-77AB-4AB6-87EC-2A72798941DE}.Release_72|x64.ActiveCfg = Release|Any CPU
		{34BEF956-77AB-4AB6-87EC-2A72798941DE}.Release_72|x64.Build.0 = Release|Any CPU
		{34BEF956-77AB-4AB6-87EC-2A72798941DE}.Release_72|x86.ActiveCfg = Release|Any CPU
		{34BEF956-77AB-4AB6-87EC-2A72798941DE}.Release_72|x86.Build.0 = Release|Any CPU
		{34BEF956-77AB-4AB6-87EC-2A72798941DE}.Release|Any CPU.ActiveCfg = Release|Any CPU
		{34BEF956-77AB-4AB6-87EC-2A72798941DE}.Release|Any CPU.Build.0 = Release|Any CPU
		{34BEF956-77AB-4AB6-87EC-2A72798941DE}.Release|x64.ActiveCfg = Release|Any CPU
		{34BEF956-77AB-4AB6-87EC-2A72798941DE}.Release|x64.Build.0 = Release|Any CPU
		{34BEF956-77AB-4AB6-87EC-2A72798941DE}.Release|x86.ActiveCfg = Release|Any CPU
		{34BEF956-77AB-4AB6-87EC-2A72798941DE}.Release|x86.Build.0 = Release|Any CPU
		{DA859D73-3D82-4EE1-BC66-1D47D16E5AC4}.Debug_713|Any CPU.ActiveCfg = Debug|Any CPU
		{DA859D73-3D82-4EE1-BC66-1D47D16E5AC4}.Debug_713|Any CPU.Build.0 = Debug|Any CPU
		{DA859D73-3D82-4EE1-BC66-1D47D16E5AC4}.Debug_713|x64.ActiveCfg = Debug|Any CPU
		{DA859D73-3D82-4EE1-BC66-1D47D16E5AC4}.Debug_713|x64.Build.0 = Debug|Any CPU
		{DA859D73-3D82-4EE1-BC66-1D47D16E5AC4}.Debug_713|x86.ActiveCfg = Debug|Any CPU
		{DA859D73-3D82-4EE1-BC66-1D47D16E5AC4}.Debug_713|x86.Build.0 = Debug|Any CPU
		{DA859D73-3D82-4EE1-BC66-1D47D16E5AC4}.Debug_72|Any CPU.ActiveCfg = Debug|Any CPU
		{DA859D73-3D82-4EE1-BC66-1D47D16E5AC4}.Debug_72|Any CPU.Build.0 = Debug|Any CPU
		{DA859D73-3D82-4EE1-BC66-1D47D16E5AC4}.Debug_72|x64.ActiveCfg = Debug|Any CPU
		{DA859D73-3D82-4EE1-BC66-1D47D16E5AC4}.Debug_72|x64.Build.0 = Debug|Any CPU
		{DA859D73-3D82-4EE1-BC66-1D47D16E5AC4}.Debug_72|x86.ActiveCfg = Debug|Any CPU
		{DA859D73-3D82-4EE1-BC66-1D47D16E5AC4}.Debug_72|x86.Build.0 = Debug|Any CPU
		{DA859D73-3D82-4EE1-BC66-1D47D16E5AC4}.Debug|Any CPU.ActiveCfg = Debug|Any CPU
		{DA859D73-3D82-4EE1-BC66-1D47D16E5AC4}.Debug|Any CPU.Build.0 = Debug|Any CPU
		{DA859D73-3D82-4EE1-BC66-1D47D16E5AC4}.Debug|x64.ActiveCfg = Debug|Any CPU
		{DA859D73-3D82-4EE1-BC66-1D47D16E5AC4}.Debug|x64.Build.0 = Debug|Any CPU
		{DA859D73-3D82-4EE1-BC66-1D47D16E5AC4}.Debug|x86.ActiveCfg = Debug|Any CPU
		{DA859D73-3D82-4EE1-BC66-1D47D16E5AC4}.Debug|x86.Build.0 = Debug|Any CPU
		{DA859D73-3D82-4EE1-BC66-1D47D16E5AC4}.Develop_713|Any CPU.ActiveCfg = Debug|Any CPU
		{DA859D73-3D82-4EE1-BC66-1D47D16E5AC4}.Develop_713|Any CPU.Build.0 = Debug|Any CPU
		{DA859D73-3D82-4EE1-BC66-1D47D16E5AC4}.Develop_713|x64.ActiveCfg = Debug|Any CPU
		{DA859D73-3D82-4EE1-BC66-1D47D16E5AC4}.Develop_713|x64.Build.0 = Debug|Any CPU
		{DA859D73-3D82-4EE1-BC66-1D47D16E5AC4}.Develop_713|x86.ActiveCfg = Debug|Any CPU
		{DA859D73-3D82-4EE1-BC66-1D47D16E5AC4}.Develop_713|x86.Build.0 = Debug|Any CPU
		{DA859D73-3D82-4EE1-BC66-1D47D16E5AC4}.Develop_72|Any CPU.ActiveCfg = Debug|Any CPU
		{DA859D73-3D82-4EE1-BC66-1D47D16E5AC4}.Develop_72|Any CPU.Build.0 = Debug|Any CPU
		{DA859D73-3D82-4EE1-BC66-1D47D16E5AC4}.Develop_72|x64.ActiveCfg = Debug|Any CPU
		{DA859D73-3D82-4EE1-BC66-1D47D16E5AC4}.Develop_72|x64.Build.0 = Debug|Any CPU
		{DA859D73-3D82-4EE1-BC66-1D47D16E5AC4}.Develop_72|x86.ActiveCfg = Debug|Any CPU
		{DA859D73-3D82-4EE1-BC66-1D47D16E5AC4}.Develop_72|x86.Build.0 = Debug|Any CPU
		{DA859D73-3D82-4EE1-BC66-1D47D16E5AC4}.Release_713|Any CPU.ActiveCfg = Release|Any CPU
		{DA859D73-3D82-4EE1-BC66-1D47D16E5AC4}.Release_713|Any CPU.Build.0 = Release|Any CPU
		{DA859D73-3D82-4EE1-BC66-1D47D16E5AC4}.Release_713|x64.ActiveCfg = Release|Any CPU
		{DA859D73-3D82-4EE1-BC66-1D47D16E5AC4}.Release_713|x64.Build.0 = Release|Any CPU
		{DA859D73-3D82-4EE1-BC66-1D47D16E5AC4}.Release_713|x86.ActiveCfg = Release|Any CPU
		{DA859D73-3D82-4EE1-BC66-1D47D16E5AC4}.Release_713|x86.Build.0 = Release|Any CPU
		{DA859D73-3D82-4EE1-BC66-1D47D16E5AC4}.Release_72|Any CPU.ActiveCfg = Release|Any CPU
		{DA859D73-3D82-4EE1-BC66-1D47D16E5AC4}.Release_72|Any CPU.Build.0 = Release|Any CPU
		{DA859D73-3D82-4EE1-BC66-1D47D16E5AC4}.Release_72|x64.ActiveCfg = Release|Any CPU
		{DA859D73-3D82-4EE1-BC66-1D47D16E5AC4}.Release_72|x64.Build.0 = Release|Any CPU
		{DA859D73-3D82-4EE1-BC66-1D47D16E5AC4}.Release_72|x86.ActiveCfg = Release|Any CPU
		{DA859D73-3D82-4EE1-BC66-1D47D16E5AC4}.Release_72|x86.Build.0 = Release|Any CPU
		{DA859D73-3D82-4EE1-BC66-1D47D16E5AC4}.Release|Any CPU.ActiveCfg = Release|Any CPU
		{DA859D73-3D82-4EE1-BC66-1D47D16E5AC4}.Release|Any CPU.Build.0 = Release|Any CPU
		{DA859D73-3D82-4EE1-BC66-1D47D16E5AC4}.Release|x64.ActiveCfg = Release|Any CPU
		{DA859D73-3D82-4EE1-BC66-1D47D16E5AC4}.Release|x64.Build.0 = Release|Any CPU
		{DA859D73-3D82-4EE1-BC66-1D47D16E5AC4}.Release|x86.ActiveCfg = Release|Any CPU
		{DA859D73-3D82-4EE1-BC66-1D47D16E5AC4}.Release|x86.Build.0 = Release|Any CPU
		{17BF2445-0643-4CDF-B678-7F3472910D9B}.Debug_713|Any CPU.ActiveCfg = Debug_713|x64
		{17BF2445-0643-4CDF-B678-7F3472910D9B}.Debug_713|Any CPU.Build.0 = Debug_713|x64
		{17BF2445-0643-4CDF-B678-7F3472910D9B}.Debug_713|x64.ActiveCfg = Debug_72|x64
		{17BF2445-0643-4CDF-B678-7F3472910D9B}.Debug_713|x64.Build.0 = Debug_72|x64
		{17BF2445-0643-4CDF-B678-7F3472910D9B}.Debug_713|x86.ActiveCfg = Debug_713|x64
		{17BF2445-0643-4CDF-B678-7F3472910D9B}.Debug_72|Any CPU.ActiveCfg = Debug_72|x64
		{17BF2445-0643-4CDF-B678-7F3472910D9B}.Debug_72|Any CPU.Build.0 = Debug_72|x64
		{17BF2445-0643-4CDF-B678-7F3472910D9B}.Debug_72|x64.ActiveCfg = Debug_72|x64
		{17BF2445-0643-4CDF-B678-7F3472910D9B}.Debug_72|x64.Build.0 = Debug_72|x64
		{17BF2445-0643-4CDF-B678-7F3472910D9B}.Debug_72|x86.ActiveCfg = Debug_72|x64
		{17BF2445-0643-4CDF-B678-7F3472910D9B}.Debug|Any CPU.ActiveCfg = Release_72|x64
		{17BF2445-0643-4CDF-B678-7F3472910D9B}.Debug|Any CPU.Build.0 = Release_72|x64
		{17BF2445-0643-4CDF-B678-7F3472910D9B}.Debug|x64.ActiveCfg = Debug_72|x64
		{17BF2445-0643-4CDF-B678-7F3472910D9B}.Debug|x64.Build.0 = Debug_72|x64
		{17BF2445-0643-4CDF-B678-7F3472910D9B}.Debug|x86.ActiveCfg = Release_713|x64
		{17BF2445-0643-4CDF-B678-7F3472910D9B}.Debug|x86.Build.0 = Release_713|x64
		{17BF2445-0643-4CDF-B678-7F3472910D9B}.Develop_713|Any CPU.ActiveCfg = Develop_713|x64
		{17BF2445-0643-4CDF-B678-7F3472910D9B}.Develop_713|Any CPU.Build.0 = Develop_713|x64
		{17BF2445-0643-4CDF-B678-7F3472910D9B}.Develop_713|x64.ActiveCfg = Develop_713|x64
		{17BF2445-0643-4CDF-B678-7F3472910D9B}.Develop_713|x64.Build.0 = Develop_713|x64
		{17BF2445-0643-4CDF-B678-7F3472910D9B}.Develop_713|x86.ActiveCfg = Develop_713|x64
		{17BF2445-0643-4CDF-B678-7F3472910D9B}.Develop_72|Any CPU.ActiveCfg = Develop_72|x64
		{17BF2445-0643-4CDF-B678-7F3472910D9B}.Develop_72|Any CPU.Build.0 = Develop_72|x64
		{17BF2445-0643-4CDF-B678-7F3472910D9B}.Develop_72|x64.ActiveCfg = Develop_713|x64
		{17BF2445-0643-4CDF-B678-7F3472910D9B}.Develop_72|x64.Build.0 = Develop_713|x64
		{17BF2445-0643-4CDF-B678-7F3472910D9B}.Develop_72|x86.ActiveCfg = Develop_72|x64
		{17BF2445-0643-4CDF-B678-7F3472910D9B}.Release_713|Any CPU.ActiveCfg = Release_713|x64
		{17BF2445-0643-4CDF-B678-7F3472910D9B}.Release_713|Any CPU.Build.0 = Release_713|x64
		{17BF2445-0643-4CDF-B678-7F3472910D9B}.Release_713|x64.ActiveCfg = Release_72|x64
		{17BF2445-0643-4CDF-B678-7F3472910D9B}.Release_713|x64.Build.0 = Release_72|x64
		{17BF2445-0643-4CDF-B678-7F3472910D9B}.Release_713|x86.ActiveCfg = Release_713|x64
		{17BF2445-0643-4CDF-B678-7F3472910D9B}.Release_72|Any CPU.ActiveCfg = Release_72|x64
		{17BF2445-0643-4CDF-B678-7F3472910D9B}.Release_72|Any CPU.Build.0 = Release_72|x64
		{17BF2445-0643-4CDF-B678-7F3472910D9B}.Release_72|x64.ActiveCfg = Release_72|x64
		{17BF2445-0643-4CDF-B678-7F3472910D9B}.Release_72|x64.Build.0 = Release_72|x64
		{17BF2445-0643-4CDF-B678-7F3472910D9B}.Release_72|x86.ActiveCfg = Release_72|x64
		{17BF2445-0643-4CDF-B678-7F3472910D9B}.Release|Any CPU.ActiveCfg = Release_72|x64
		{17BF2445-0643-4CDF-B678-7F3472910D9B}.Release|Any CPU.Build.0 = Release_72|x64
		{17BF2445-0643-4CDF-B678-7F3472910D9B}.Release|x64.ActiveCfg = Release_72|x64
		{17BF2445-0643-4CDF-B678-7F3472910D9B}.Release|x64.Build.0 = Release_72|x64
		{17BF2445-0643-4CDF-B678-7F3472910D9B}.Release|x86.ActiveCfg = Release_713|x64
		{17BF2445-0643-4CDF-B678-7F3472910D9B}.Release|x86.Build.0 = Release_713|x64
		{4EA8C78B-118D-4FD4-A745-2EBED8F68062}.Debug_713|Any CPU.ActiveCfg = Debug|Any CPU
		{4EA8C78B-118D-4FD4-A745-2EBED8F68062}.Debug_713|Any CPU.Build.0 = Debug|Any CPU
		{4EA8C78B-118D-4FD4-A745-2EBED8F68062}.Debug_713|x64.ActiveCfg = Debug|x64
		{4EA8C78B-118D-4FD4-A745-2EBED8F68062}.Debug_713|x64.Build.0 = Debug|x64
		{4EA8C78B-118D-4FD4-A745-2EBED8F68062}.Debug_713|x86.ActiveCfg = Debug|Any CPU
		{4EA8C78B-118D-4FD4-A745-2EBED8F68062}.Debug_713|x86.Build.0 = Debug|Any CPU
		{4EA8C78B-118D-4FD4-A745-2EBED8F68062}.Debug_72|Any CPU.ActiveCfg = Debug|Any CPU
		{4EA8C78B-118D-4FD4-A745-2EBED8F68062}.Debug_72|Any CPU.Build.0 = Debug|Any CPU
		{4EA8C78B-118D-4FD4-A745-2EBED8F68062}.Debug_72|x64.ActiveCfg = Debug|x64
		{4EA8C78B-118D-4FD4-A745-2EBED8F68062}.Debug_72|x64.Build.0 = Debug|x64
		{4EA8C78B-118D-4FD4-A745-2EBED8F68062}.Debug_72|x86.ActiveCfg = Debug|Any CPU
		{4EA8C78B-118D-4FD4-A745-2EBED8F68062}.Debug_72|x86.Build.0 = Debug|Any CPU
		{4EA8C78B-118D-4FD4-A745-2EBED8F68062}.Debug|Any CPU.ActiveCfg = Debug|Any CPU
		{4EA8C78B-118D-4FD4-A745-2EBED8F68062}.Debug|Any CPU.Build.0 = Debug|Any CPU
		{4EA8C78B-118D-4FD4-A745-2EBED8F68062}.Debug|x64.ActiveCfg = Debug|x64
		{4EA8C78B-118D-4FD4-A745-2EBED8F68062}.Debug|x64.Build.0 = Debug|x64
		{4EA8C78B-118D-4FD4-A745-2EBED8F68062}.Debug|x86.ActiveCfg = Debug|Any CPU
		{4EA8C78B-118D-4FD4-A745-2EBED8F68062}.Debug|x86.Build.0 = Debug|Any CPU
		{4EA8C78B-118D-4FD4-A745-2EBED8F68062}.Develop_713|Any CPU.ActiveCfg = Debug|Any CPU
		{4EA8C78B-118D-4FD4-A745-2EBED8F68062}.Develop_713|Any CPU.Build.0 = Debug|Any CPU
		{4EA8C78B-118D-4FD4-A745-2EBED8F68062}.Develop_713|x64.ActiveCfg = Debug|x64
		{4EA8C78B-118D-4FD4-A745-2EBED8F68062}.Develop_713|x64.Build.0 = Debug|x64
		{4EA8C78B-118D-4FD4-A745-2EBED8F68062}.Develop_713|x86.ActiveCfg = Debug|Any CPU
		{4EA8C78B-118D-4FD4-A745-2EBED8F68062}.Develop_713|x86.Build.0 = Debug|Any CPU
		{4EA8C78B-118D-4FD4-A745-2EBED8F68062}.Develop_72|Any CPU.ActiveCfg = Debug|Any CPU
		{4EA8C78B-118D-4FD4-A745-2EBED8F68062}.Develop_72|Any CPU.Build.0 = Debug|Any CPU
		{4EA8C78B-118D-4FD4-A745-2EBED8F68062}.Develop_72|x64.ActiveCfg = Debug|x64
		{4EA8C78B-118D-4FD4-A745-2EBED8F68062}.Develop_72|x64.Build.0 = Debug|x64
		{4EA8C78B-118D-4FD4-A745-2EBED8F68062}.Develop_72|x86.ActiveCfg = Debug|Any CPU
		{4EA8C78B-118D-4FD4-A745-2EBED8F68062}.Develop_72|x86.Build.0 = Debug|Any CPU
		{4EA8C78B-118D-4FD4-A745-2EBED8F68062}.Release_713|Any CPU.ActiveCfg = Release|Any CPU
		{4EA8C78B-118D-4FD4-A745-2EBED8F68062}.Release_713|Any CPU.Build.0 = Release|Any CPU
		{4EA8C78B-118D-4FD4-A745-2EBED8F68062}.Release_713|x64.ActiveCfg = Release|x64
		{4EA8C78B-118D-4FD4-A745-2EBED8F68062}.Release_713|x64.Build.0 = Release|x64
		{4EA8C78B-118D-4FD4-A745-2EBED8F68062}.Release_713|x86.ActiveCfg = Release|Any CPU
		{4EA8C78B-118D-4FD4-A745-2EBED8F68062}.Release_713|x86.Build.0 = Release|Any CPU
		{4EA8C78B-118D-4FD4-A745-2EBED8F68062}.Release_72|Any CPU.ActiveCfg = Release|Any CPU
		{4EA8C78B-118D-4FD4-A745-2EBED8F68062}.Release_72|Any CPU.Build.0 = Release|Any CPU
		{4EA8C78B-118D-4FD4-A745-2EBED8F68062}.Release_72|x64.ActiveCfg = Release|x64
		{4EA8C78B-118D-4FD4-A745-2EBED8F68062}.Release_72|x64.Build.0 = Release|x64
		{4EA8C78B-118D-4FD4-A745-2EBED8F68062}.Release_72|x86.ActiveCfg = Release|Any CPU
		{4EA8C78B-118D-4FD4-A745-2EBED8F68062}.Release_72|x86.Build.0 = Release|Any CPU
		{4EA8C78B-118D-4FD4-A745-2EBED8F68062}.Release|Any CPU.ActiveCfg = Release|Any CPU
		{4EA8C78B-118D-4FD4-A745-2EBED8F68062}.Release|Any CPU.Build.0 = Release|Any CPU
		{4EA8C78B-118D-4FD4-A745-2EBED8F68062}.Release|x64.ActiveCfg = Release|x64
		{4EA8C78B-118D-4FD4-A745-2EBED8F68062}.Release|x64.Build.0 = Release|x64
		{4EA8C78B-118D-4FD4-A745-2EBED8F68062}.Release|x86.ActiveCfg = Release|Any CPU
		{4EA8C78B-118D-4FD4-A745-2EBED8F68062}.Release|x86.Build.0 = Release|Any CPU
	EndGlobalSection
	GlobalSection(SolutionProperties) = preSolution
		HideSolutionNode = FALSE
	EndGlobalSection
	GlobalSection(NestedProjects) = preSolution
		{DA859D73-3D82-4EE1-BC66-1D47D16E5AC4} = {48495ED2-D045-410F-8D11-221E961C506C}
	EndGlobalSection
	GlobalSection(ExtensibilityGlobals) = postSolution
		SolutionGuid = {157DB9E5-56D4-4E76-B8F6-C4DD550D2DF1}
	EndGlobalSection
EndGlobal
