
Microsoft Visual Studio Solution File, Format Version 12.00
# Visual Studio Version 16
VisualStudioVersion = 16.0.28803.156
MinimumVisualStudioVersion = 10.0.40219.1
Project("{9A19103F-16F7-4668-BE54-9A1E7A4F7556}") = "DevExpress.XtraTreeList.v11.2", "DevExpress.XtraTreeList.v11.2\DevExpress.XtraTreeList.v11.2.csproj", "{A386C006-93BE-42DA-9978-9CE1B1E844CD}"
EndProject
Project("{9A19103F-16F7-4668-BE54-9A1E7A4F7556}") = "Sophis.API.Configuration", "Sophis.API.Configuration\Sophis.API.Configuration.csproj", "{46381862-EF73-4139-B8D3-F4D1DC22BDD0}"
EndProject
Project("{9A19103F-16F7-4668-BE54-9A1E7A4F7556}") = "Sophis.Windows.Widgets", "Sophis.Windows.Widgets\Sophis.Windows.Widgets.csproj", "{F5AB52DF-7486-4E9D-A77C-0AE5D3C30F8B}"
EndProject
Project("{9A19103F-16F7-4668-BE54-9A1E7A4F7556}") = "SophisConfiguration", "SophisConfiguration\SophisConfiguration.csproj", "{2D9D536E-C22D-481D-914C-9E3B434ED0F3}"
EndProject
Project("{9A19103F-16F7-4668-BE54-9A1E7A4F7556}") = "SophisDotNetToolkit", "SophisDotNetToolkit\SophisDotNetToolkit.csproj", "{B1AC111D-B967-4459-A483-3B820230F18A}"
EndProject
Project("{9A19103F-16F7-4668-BE54-9A1E7A4F7556}") = "SophisDotNetToolkitGUI", "SophisDotNetToolkitGUI\SophisDotNetToolkitGUI.csproj", "{705F7B61-DC8C-4023-9D4B-207AF159A212}"
EndProject
Project("{9A19103F-16F7-4668-BE54-9A1E7A4F7556}") = "SophisDotNetTools", "SophisDotNetTools\SophisDotNetTools.csproj", "{95930418-7014-4458-988F-5289816D1213}"
EndProject
Project("{9A19103F-16F7-4668-BE54-9A1E7A4F7556}") = "SophisPortfoliosGUI", "SophisPortfoliosGUI\SophisPortfoliosGUI.csproj", "{81C66FEA-A06E-4E14-83D5-183D5AB7A727}"
EndProject
Project("{9A19103F-16F7-4668-BE54-9A1E7A4F7556}") = "SophisDotNetValue", "SophisDotNetValue\SophisDotNetValue.csproj", "{4901F790-BAA5-42DC-864D-36742E00F78B}"
EndProject
Project("{9A19103F-16F7-4668-BE54-9A1E7A4F7556}") = "Sophis.Windows.Widgets.Core", "Sophis.Windows.Widgets.Core\Sophis.Windows.Widgets.Core.csproj", "{00AAF735-F560-4629-8E7C-2F352F1CB9F9}"
EndProject
Global
	GlobalSection(SolutionConfigurationPlatforms) = preSolution
		Debug_7_1|Any CPU = Debug_7_1|Any CPU
		Debug_7_2|Any CPU = Debug_7_2|Any CPU
		Debug|Any CPU = Debug|Any CPU
		Release|Any CPU = Release|Any CPU
	EndGlobalSection
	GlobalSection(ProjectConfigurationPlatforms) = postSolution
		{A386C006-93BE-42DA-9978-9CE1B1E844CD}.Debug_7_1|Any CPU.ActiveCfg = Debug|Any CPU
		{A386C006-93BE-42DA-9978-9CE1B1E844CD}.Debug_7_1|Any CPU.Build.0 = Debug|Any CPU
		{A386C006-93BE-42DA-9978-9CE1B1E844CD}.Debug_7_2|Any CPU.ActiveCfg = Debug|Any CPU
		{A386C006-93BE-42DA-9978-9CE1B1E844CD}.Debug_7_2|Any CPU.Build.0 = Debug|Any CPU
		{A386C006-93BE-42DA-9978-9CE1B1E844CD}.Debug|Any CPU.ActiveCfg = Debug|Any CPU
		{A386C006-93BE-42DA-9978-9CE1B1E844CD}.Debug|Any CPU.Build.0 = Debug|Any CPU
		{A386C006-93BE-42DA-9978-9CE1B1E844CD}.Release|Any CPU.ActiveCfg = Release|Any CPU
		{A386C006-93BE-42DA-9978-9CE1B1E844CD}.Release|Any CPU.Build.0 = Release|Any CPU
		{46381862-EF73-4139-B8D3-F4D1DC22BDD0}.Debug_7_1|Any CPU.ActiveCfg = Debug_7_1|Any CPU
		{46381862-EF73-4139-B8D3-F4D1DC22BDD0}.Debug_7_1|Any CPU.Build.0 = Debug_7_1|Any CPU
		{46381862-EF73-4139-B8D3-F4D1DC22BDD0}.Debug_7_2|Any CPU.ActiveCfg = Debug_7_2|Any CPU
		{46381862-EF73-4139-B8D3-F4D1DC22BDD0}.Debug_7_2|Any CPU.Build.0 = Debug_7_2|Any CPU
		{46381862-EF73-4139-B8D3-F4D1DC22BDD0}.Debug|Any CPU.ActiveCfg = Debug_7_1|Any CPU
		{46381862-EF73-4139-B8D3-F4D1DC22BDD0}.Debug|Any CPU.Build.0 = Debug_7_1|Any CPU
		{46381862-EF73-4139-B8D3-F4D1DC22BDD0}.Release|Any CPU.ActiveCfg = Release|Any CPU
		{46381862-EF73-4139-B8D3-F4D1DC22BDD0}.Release|Any CPU.Build.0 = Release|Any CPU
		{F5AB52DF-7486-4E9D-A77C-0AE5D3C30F8B}.Debug_7_1|Any CPU.ActiveCfg = Debug_7_1|Any CPU
		{F5AB52DF-7486-4E9D-A77C-0AE5D3C30F8B}.Debug_7_1|Any CPU.Build.0 = Debug_7_1|Any CPU
		{F5AB52DF-7486-4E9D-A77C-0AE5D3C30F8B}.Debug_7_2|Any CPU.ActiveCfg = Debug_7_2|Any CPU
		{F5AB52DF-7486-4E9D-A77C-0AE5D3C30F8B}.Debug_7_2|Any CPU.Build.0 = Debug_7_2|Any CPU
		{F5AB52DF-7486-4E9D-A77C-0AE5D3C30F8B}.Debug|Any CPU.ActiveCfg = Debug_7_1|Any CPU
		{F5AB52DF-7486-4E9D-A77C-0AE5D3C30F8B}.Debug|Any CPU.Build.0 = Debug_7_1|Any CPU
		{F5AB52DF-7486-4E9D-A77C-0AE5D3C30F8B}.Release|Any CPU.ActiveCfg = Release|Any CPU
		{F5AB52DF-7486-4E9D-A77C-0AE5D3C30F8B}.Release|Any CPU.Build.0 = Release|Any CPU
		{2D9D536E-C22D-481D-914C-9E3B434ED0F3}.Debug_7_1|Any CPU.ActiveCfg = Debug_7_1|Any CPU
		{2D9D536E-C22D-481D-914C-9E3B434ED0F3}.Debug_7_1|Any CPU.Build.0 = Debug_7_1|Any CPU
		{2D9D536E-C22D-481D-914C-9E3B434ED0F3}.Debug_7_2|Any CPU.ActiveCfg = Debug_7_2|Any CPU
		{2D9D536E-C22D-481D-914C-9E3B434ED0F3}.Debug_7_2|Any CPU.Build.0 = Debug_7_2|Any CPU
		{2D9D536E-C22D-481D-914C-9E3B434ED0F3}.Debug|Any CPU.ActiveCfg = Debug_7_1|Any CPU
		{2D9D536E-C22D-481D-914C-9E3B434ED0F3}.Debug|Any CPU.Build.0 = Debug_7_1|Any CPU
		{2D9D536E-C22D-481D-914C-9E3B434ED0F3}.Release|Any CPU.ActiveCfg = Release|Any CPU
		{2D9D536E-C22D-481D-914C-9E3B434ED0F3}.Release|Any CPU.Build.0 = Release|Any CPU
		{B1AC111D-B967-4459-A483-3B820230F18A}.Debug_7_1|Any CPU.ActiveCfg = Debug_7_1|Any CPU
		{B1AC111D-B967-4459-A483-3B820230F18A}.Debug_7_1|Any CPU.Build.0 = Debug_7_1|Any CPU
		{B1AC111D-B967-4459-A483-3B820230F18A}.Debug_7_2|Any CPU.ActiveCfg = Debug_7_2|Any CPU
		{B1AC111D-B967-4459-A483-3B820230F18A}.Debug_7_2|Any CPU.Build.0 = Debug_7_2|Any CPU
		{B1AC111D-B967-4459-A483-3B820230F18A}.Debug|Any CPU.ActiveCfg = Debug_7_1|Any CPU
		{B1AC111D-B967-4459-A483-3B820230F18A}.Debug|Any CPU.Build.0 = Debug_7_1|Any CPU
		{B1AC111D-B967-4459-A483-3B820230F18A}.Release|Any CPU.ActiveCfg = Release|Any CPU
		{B1AC111D-B967-4459-A483-3B820230F18A}.Release|Any CPU.Build.0 = Release|Any CPU
		{705F7B61-DC8C-4023-9D4B-207AF159A212}.Debug_7_1|Any CPU.ActiveCfg = Debug_7_1|Any CPU
		{705F7B61-DC8C-4023-9D4B-207AF159A212}.Debug_7_1|Any CPU.Build.0 = Debug_7_1|Any CPU
		{705F7B61-DC8C-4023-9D4B-207AF159A212}.Debug_7_2|Any CPU.ActiveCfg = Debug_7_2|Any CPU
		{705F7B61-DC8C-4023-9D4B-207AF159A212}.Debug_7_2|Any CPU.Build.0 = Debug_7_2|Any CPU
		{705F7B61-DC8C-4023-9D4B-207AF159A212}.Debug|Any CPU.ActiveCfg = Debug_7_1|Any CPU
		{705F7B61-DC8C-4023-9D4B-207AF159A212}.Debug|Any CPU.Build.0 = Debug_7_1|Any CPU
		{705F7B61-DC8C-4023-9D4B-207AF159A212}.Release|Any CPU.ActiveCfg = Release|Any CPU
		{705F7B61-DC8C-4023-9D4B-207AF159A212}.Release|Any CPU.Build.0 = Release|Any CPU
		{95930418-7014-4458-988F-5289816D1213}.Debug_7_1|Any CPU.ActiveCfg = Debug_7_1|Any CPU
		{95930418-7014-4458-988F-5289816D1213}.Debug_7_1|Any CPU.Build.0 = Debug_7_1|Any CPU
		{95930418-7014-4458-988F-5289816D1213}.Debug_7_2|Any CPU.ActiveCfg = Debug_7_2|Any CPU
		{95930418-7014-4458-988F-5289816D1213}.Debug_7_2|Any CPU.Build.0 = Debug_7_2|Any CPU
		{95930418-7014-4458-988F-5289816D1213}.Debug|Any CPU.ActiveCfg = Debug_7_1|Any CPU
		{95930418-7014-4458-988F-5289816D1213}.Debug|Any CPU.Build.0 = Debug_7_1|Any CPU
		{95930418-7014-4458-988F-5289816D1213}.Release|Any CPU.ActiveCfg = Release|Any CPU
		{95930418-7014-4458-988F-5289816D1213}.Release|Any CPU.Build.0 = Release|Any CPU
		{81C66FEA-A06E-4E14-83D5-183D5AB7A727}.Debug_7_1|Any CPU.ActiveCfg = Debug_7_1|Any CPU
		{81C66FEA-A06E-4E14-83D5-183D5AB7A727}.Debug_7_1|Any CPU.Build.0 = Debug_7_1|Any CPU
		{81C66FEA-A06E-4E14-83D5-183D5AB7A727}.Debug_7_2|Any CPU.ActiveCfg = Debug_7_2|Any CPU
		{81C66FEA-A06E-4E14-83D5-183D5AB7A727}.Debug_7_2|Any CPU.Build.0 = Debug_7_2|Any CPU
		{81C66FEA-A06E-4E14-83D5-183D5AB7A727}.Debug|Any CPU.ActiveCfg = Debug_7_1|Any CPU
		{81C66FEA-A06E-4E14-83D5-183D5AB7A727}.Debug|Any CPU.Build.0 = Debug_7_1|Any CPU
		{81C66FEA-A06E-4E14-83D5-183D5AB7A727}.Release|Any CPU.ActiveCfg = Release|Any CPU
		{81C66FEA-A06E-4E14-83D5-183D5AB7A727}.Release|Any CPU.Build.0 = Release|Any CPU
		{4901F790-BAA5-42DC-864D-36742E00F78B}.Debug_7_1|Any CPU.ActiveCfg = Debug_7_1|Any CPU
		{4901F790-BAA5-42DC-864D-36742E00F78B}.Debug_7_1|Any CPU.Build.0 = Debug_7_1|Any CPU
		{4901F790-BAA5-42DC-864D-36742E00F78B}.Debug_7_2|Any CPU.ActiveCfg = Debug_7_2|Any CPU
		{4901F790-BAA5-42DC-864D-36742E00F78B}.Debug_7_2|Any CPU.Build.0 = Debug_7_2|Any CPU
		{4901F790-BAA5-42DC-864D-36742E00F78B}.Debug|Any CPU.ActiveCfg = Debug_7_1|Any CPU
		{4901F790-BAA5-42DC-864D-36742E00F78B}.Debug|Any CPU.Build.0 = Debug_7_1|Any CPU
		{4901F790-BAA5-42DC-864D-36742E00F78B}.Release|Any CPU.ActiveCfg = Release|Any CPU
		{4901F790-BAA5-42DC-864D-36742E00F78B}.Release|Any CPU.Build.0 = Release|Any CPU
		{00AAF735-F560-4629-8E7C-2F352F1CB9F9}.Debug_7_1|Any CPU.ActiveCfg = Debug_7_1|Any CPU
		{00AAF735-F560-4629-8E7C-2F352F1CB9F9}.Debug_7_1|Any CPU.Build.0 = Debug_7_1|Any CPU
		{00AAF735-F560-4629-8E7C-2F352F1CB9F9}.Debug_7_2|Any CPU.ActiveCfg = Debug_7_2|Any CPU
		{00AAF735-F560-4629-8E7C-2F352F1CB9F9}.Debug_7_2|Any CPU.Build.0 = Debug_7_2|Any CPU
		{00AAF735-F560-4629-8E7C-2F352F1CB9F9}.Debug|Any CPU.ActiveCfg = Debug_7_1|Any CPU
		{00AAF735-F560-4629-8E7C-2F352F1CB9F9}.Debug|Any CPU.Build.0 = Debug_7_1|Any CPU
		{00AAF735-F560-4629-8E7C-2F352F1CB9F9}.Release|Any CPU.ActiveCfg = Release|Any CPU
		{00AAF735-F560-4629-8E7C-2F352F1CB9F9}.Release|Any CPU.Build.0 = Release|Any CPU
	EndGlobalSection
	GlobalSection(SolutionProperties) = preSolution
		HideSolutionNode = FALSE
	EndGlobalSection
	GlobalSection(ExtensibilityGlobals) = postSolution
		SolutionGuid = {268508AF-4124-4BDF-8B80-BCA8434791F9}
	EndGlobalSection
EndGlobal
